
Microsoft Visual Studio Solution File, Format Version 12.00
# Visual Studio Version 17
VisualStudioVersion = 17.4.33205.214
MinimumVisualStudioVersion = 10.0.40219.1
Project("{FAE04EC0-301F-11D3-BF4B-00C04F79EFBC}") = "SembleExecutor", "SembleExecutor.csproj", "{F1B8882E-9C5D-4DE8-8F80-8693FA169A34}"
EndProject
Global
	GlobalSection(SolutionConfigurationPlatforms) = preSolution
		Debug|Any CPU = Debug|Any CPU
		Release|Any CPU = Release|Any CPU
	EndGlobalSection
	GlobalSection(ProjectConfigurationPlatforms) = postSolution
		{F1B8882E-9C5D-4DE8-8F80-8693FA169A34}.Debug|Any CPU.ActiveCfg = Debug|Any CPU
		{F1B8882E-9C5D-4DE8-8F80-8693FA169A34}.Debug|Any CPU.Build.0 = Debug|Any CPU
		{F1B8882E-9C5D-4DE8-8F80-8693FA169A34}.Release|Any CPU.ActiveCfg = Release|Any CPU
		{F1B8882E-9C5D-4DE8-8F80-8693FA169A34}.Release|Any CPU.Build.0 = Release|Any CPU
	EndGlobalSection
	GlobalSection(SolutionProperties) = preSolution
		HideSolutionNode = FALSE
	EndGlobalSection
	GlobalSection(ExtensibilityGlobals) = postSolution
		SolutionGuid = {26FA9B5D-BCF5-4A4B-80B5-A749DFD2340D}
	EndGlobalSection
EndGlobal
